
Microsoft Visual Studio Solution File, Format Version 12.00
# Visual Studio Version 17
VisualStudioVersion = 17.4.33213.308
MinimumVisualStudioVersion = 10.0.40219.1
Project("{FAE04EC0-301F-11D3-BF4B-00C04F79EFBC}") = "WebApplication1", "WebApplication1\WebApplication1.csproj", "{C74470A6-77EE-4AF4-BB8A-6675A82B7E8A}"
EndProject
Global
	GlobalSection(SolutionConfigurationPlatforms) = preSolution
		Debug|Any CPU = Debug|Any CPU
		Release|Any CPU = Release|Any CPU
	EndGlobalSection
	GlobalSection(ProjectConfigurationPlatforms) = postSolution
		{C74470A6-77EE-4AF4-BB8A-6675A82B7E8A}.Debug|Any CPU.ActiveCfg = Debug|Any CPU
		{C74470A6-77EE-4AF4-BB8A-6675A82B7E8A}.Debug|Any CPU.Build.0 = Debug|Any CPU
		{C74470A6-77EE-4AF4-BB8A-6675A82B7E8A}.Release|Any CPU.ActiveCfg = Release|Any CPU
		{C74470A6-77EE-4AF4-BB8A-6675A82B7E8A}.Release|Any CPU.Build.0 = Release|Any CPU
	EndGlobalSection
	GlobalSection(SolutionProperties) = preSolution
		HideSolutionNode = FALSE
	EndGlobalSection
	GlobalSection(ExtensibilityGlobals) = postSolution
		SolutionGuid = {BF7302B0-FB6B-4C39-AF67-D827898A66BF}
	EndGlobalSection
EndGlobal
